
Microsoft Visual Studio Solution File, Format Version 12.00
# Visual Studio Version 16
VisualStudioVersion = 16.0.30804.86
MinimumVisualStudioVersion = 10.0.40219.1
Project("{2150E333-8FDC-42A3-9474-1A3956D46DE8}") = "Samples", "Samples", "{6072FE25-02FD-45E7-8C08-E410754E02A7}"
EndProject
Project("{2150E333-8FDC-42A3-9474-1A3956D46DE8}") = "Color", "Color", "{38C794C1-C69D-45D3-8426-0A01BAA78BBE}"
EndProject
Project("{2150E333-8FDC-42A3-9474-1A3956D46DE8}") = "Tests", "Tests", "{9270C9F0-FB62-41DF-9350-828C8BD75540}"
EndProject
Project("{9A19103F-16F7-4668-BE54-9A1E7A4F7556}") = "ColorExtractor", "samples\Color\ColorExtractor\ColorExtractor.csproj", "{78892B64-C3BE-411C-A4F5-6E26DC920705}"
EndProject
Project("{9A19103F-16F7-4668-BE54-9A1E7A4F7556}") = "UnitTests", "tests\Unit Tests\UnitTests\UnitTests.csproj", "{816CD5E8-32EB-4EAF-87EE-975B3F8B30CC}"
EndProject
Project("{9A19103F-16F7-4668-BE54-9A1E7A4F7556}") = "Benchmarks", "tests\Benchmarks\Benchmarks\Benchmarks.csproj", "{471DC922-D79F-4CA6-A455-7F415F127B96}"
EndProject
Project("{FAE04EC0-301F-11D3-BF4B-00C04F79EFBC}") = "Color-Sample", "samples\Color\Color-Sample\Color-Sample.csproj", "{981FCA41-E87A-44C6-8291-2185BB14B9B1}"
EndProject
Project("{9A19103F-16F7-4668-BE54-9A1E7A4F7556}") = "ClusterNet", "src\ClusterNet\ClusterNet.csproj", "{7559EDBC-B239-4B2A-BC62-75B0704DB4F1}"
EndProject
Global
	GlobalSection(SolutionConfigurationPlatforms) = preSolution
		Debug|Any CPU = Debug|Any CPU
		Debug|ARM = Debug|ARM
		Debug|ARM64 = Debug|ARM64
		Debug|x64 = Debug|x64
		Debug|x86 = Debug|x86
		Release|Any CPU = Release|Any CPU
		Release|ARM = Release|ARM
		Release|ARM64 = Release|ARM64
		Release|x64 = Release|x64
		Release|x86 = Release|x86
	EndGlobalSection
	GlobalSection(ProjectConfigurationPlatforms) = postSolution
		{78892B64-C3BE-411C-A4F5-6E26DC920705}.Debug|Any CPU.ActiveCfg = Debug|Any CPU
		{78892B64-C3BE-411C-A4F5-6E26DC920705}.Debug|Any CPU.Build.0 = Debug|Any CPU
		{78892B64-C3BE-411C-A4F5-6E26DC920705}.Debug|ARM.ActiveCfg = Debug|Any CPU
		{78892B64-C3BE-411C-A4F5-6E26DC920705}.Debug|ARM.Build.0 = Debug|Any CPU
		{78892B64-C3BE-411C-A4F5-6E26DC920705}.Debug|ARM64.ActiveCfg = Debug|Any CPU
		{78892B64-C3BE-411C-A4F5-6E26DC920705}.Debug|ARM64.Build.0 = Debug|Any CPU
		{78892B64-C3BE-411C-A4F5-6E26DC920705}.Debug|x64.ActiveCfg = Debug|Any CPU
		{78892B64-C3BE-411C-A4F5-6E26DC920705}.Debug|x64.Build.0 = Debug|Any CPU
		{78892B64-C3BE-411C-A4F5-6E26DC920705}.Debug|x86.ActiveCfg = Debug|Any CPU
		{78892B64-C3BE-411C-A4F5-6E26DC920705}.Debug|x86.Build.0 = Debug|Any CPU
		{78892B64-C3BE-411C-A4F5-6E26DC920705}.Release|Any CPU.ActiveCfg = Release|Any CPU
		{78892B64-C3BE-411C-A4F5-6E26DC920705}.Release|Any CPU.Build.0 = Release|Any CPU
		{78892B64-C3BE-411C-A4F5-6E26DC920705}.Release|ARM.ActiveCfg = Release|Any CPU
		{78892B64-C3BE-411C-A4F5-6E26DC920705}.Release|ARM.Build.0 = Release|Any CPU
		{78892B64-C3BE-411C-A4F5-6E26DC920705}.Release|ARM64.ActiveCfg = Release|Any CPU
		{78892B64-C3BE-411C-A4F5-6E26DC920705}.Release|ARM64.Build.0 = Release|Any CPU
		{78892B64-C3BE-411C-A4F5-6E26DC920705}.Release|x64.ActiveCfg = Release|Any CPU
		{78892B64-C3BE-411C-A4F5-6E26DC920705}.Release|x64.Build.0 = Release|Any CPU
		{78892B64-C3BE-411C-A4F5-6E26DC920705}.Release|x86.ActiveCfg = Release|Any CPU
		{78892B64-C3BE-411C-A4F5-6E26DC920705}.Release|x86.Build.0 = Release|Any CPU
		{816CD5E8-32EB-4EAF-87EE-975B3F8B30CC}.Debug|Any CPU.ActiveCfg = Debug|Any CPU
		{816CD5E8-32EB-4EAF-87EE-975B3F8B30CC}.Debug|Any CPU.Build.0 = Debug|Any CPU
		{816CD5E8-32EB-4EAF-87EE-975B3F8B30CC}.Debug|ARM.ActiveCfg = Debug|Any CPU
		{816CD5E8-32EB-4EAF-87EE-975B3F8B30CC}.Debug|ARM.Build.0 = Debug|Any CPU
		{816CD5E8-32EB-4EAF-87EE-975B3F8B30CC}.Debug|ARM64.ActiveCfg = Debug|Any CPU
		{816CD5E8-32EB-4EAF-87EE-975B3F8B30CC}.Debug|ARM64.Build.0 = Debug|Any CPU
		{816CD5E8-32EB-4EAF-87EE-975B3F8B30CC}.Debug|x64.ActiveCfg = Debug|Any CPU
		{816CD5E8-32EB-4EAF-87EE-975B3F8B30CC}.Debug|x64.Build.0 = Debug|Any CPU
		{816CD5E8-32EB-4EAF-87EE-975B3F8B30CC}.Debug|x86.ActiveCfg = Debug|Any CPU
		{816CD5E8-32EB-4EAF-87EE-975B3F8B30CC}.Debug|x86.Build.0 = Debug|Any CPU
		{816CD5E8-32EB-4EAF-87EE-975B3F8B30CC}.Release|Any CPU.ActiveCfg = Release|Any CPU
		{816CD5E8-32EB-4EAF-87EE-975B3F8B30CC}.Release|Any CPU.Build.0 = Release|Any CPU
		{816CD5E8-32EB-4EAF-87EE-975B3F8B30CC}.Release|ARM.ActiveCfg = Release|Any CPU
		{816CD5E8-32EB-4EAF-87EE-975B3F8B30CC}.Release|ARM.Build.0 = Release|Any CPU
		{816CD5E8-32EB-4EAF-87EE-975B3F8B30CC}.Release|ARM64.ActiveCfg = Release|Any CPU
		{816CD5E8-32EB-4EAF-87EE-975B3F8B30CC}.Release|ARM64.Build.0 = Release|Any CPU
		{816CD5E8-32EB-4EAF-87EE-975B3F8B30CC}.Release|x64.ActiveCfg = Release|Any CPU
		{816CD5E8-32EB-4EAF-87EE-975B3F8B30CC}.Release|x64.Build.0 = Release|Any CPU
		{816CD5E8-32EB-4EAF-87EE-975B3F8B30CC}.Release|x86.ActiveCfg = Release|Any CPU
		{816CD5E8-32EB-4EAF-87EE-975B3F8B30CC}.Release|x86.Build.0 = Release|Any CPU
		{471DC922-D79F-4CA6-A455-7F415F127B96}.Debug|Any CPU.ActiveCfg = Debug|Any CPU
		{471DC922-D79F-4CA6-A455-7F415F127B96}.Debug|Any CPU.Build.0 = Debug|Any CPU
		{471DC922-D79F-4CA6-A455-7F415F127B96}.Debug|ARM.ActiveCfg = Debug|Any CPU
		{471DC922-D79F-4CA6-A455-7F415F127B96}.Debug|ARM.Build.0 = Debug|Any CPU
		{471DC922-D79F-4CA6-A455-7F415F127B96}.Debug|ARM64.ActiveCfg = Debug|Any CPU
		{471DC922-D79F-4CA6-A455-7F415F127B96}.Debug|ARM64.Build.0 = Debug|Any CPU
		{471DC922-D79F-4CA6-A455-7F415F127B96}.Debug|x64.ActiveCfg = Debug|Any CPU
		{471DC922-D79F-4CA6-A455-7F415F127B96}.Debug|x64.Build.0 = Debug|Any CPU
		{471DC922-D79F-4CA6-A455-7F415F127B96}.Debug|x86.ActiveCfg = Debug|Any CPU
		{471DC922-D79F-4CA6-A455-7F415F127B96}.Debug|x86.Build.0 = Debug|Any CPU
		{471DC922-D79F-4CA6-A455-7F415F127B96}.Release|Any CPU.ActiveCfg = Release|Any CPU
		{471DC922-D79F-4CA6-A455-7F415F127B96}.Release|Any CPU.Build.0 = Release|Any CPU
		{471DC922-D79F-4CA6-A455-7F415F127B96}.Release|ARM.ActiveCfg = Release|Any CPU
		{471DC922-D79F-4CA6-A455-7F415F127B96}.Release|ARM.Build.0 = Release|Any CPU
		{471DC922-D79F-4CA6-A455-7F415F127B96}.Release|ARM64.ActiveCfg = Release|Any CPU
		{471DC922-D79F-4CA6-A455-7F415F127B96}.Release|ARM64.Build.0 = Release|Any CPU
		{471DC922-D79F-4CA6-A455-7F415F127B96}.Release|x64.ActiveCfg = Release|Any CPU
		{471DC922-D79F-4CA6-A455-7F415F127B96}.Release|x64.Build.0 = Release|Any CPU
		{471DC922-D79F-4CA6-A455-7F415F127B96}.Release|x86.ActiveCfg = Release|Any CPU
		{471DC922-D79F-4CA6-A455-7F415F127B96}.Release|x86.Build.0 = Release|Any CPU
		{981FCA41-E87A-44C6-8291-2185BB14B9B1}.Debug|Any CPU.ActiveCfg = Debug|x86
		{981FCA41-E87A-44C6-8291-2185BB14B9B1}.Debug|ARM.ActiveCfg = Debug|ARM
		{981FCA41-E87A-44C6-8291-2185BB14B9B1}.Debug|ARM.Build.0 = Debug|ARM
		{981FCA41-E87A-44C6-8291-2185BB14B9B1}.Debug|ARM.Deploy.0 = Debug|ARM
		{981FCA41-E87A-44C6-8291-2185BB14B9B1}.Debug|ARM64.ActiveCfg = Debug|ARM64
		{981FCA41-E87A-44C6-8291-2185BB14B9B1}.Debug|ARM64.Build.0 = Debug|ARM64
		{981FCA41-E87A-44C6-8291-2185BB14B9B1}.Debug|ARM64.Deploy.0 = Debug|ARM64
		{981FCA41-E87A-44C6-8291-2185BB14B9B1}.Debug|x64.ActiveCfg = Debug|x64
		{981FCA41-E87A-44C6-8291-2185BB14B9B1}.Debug|x64.Build.0 = Debug|x64
		{981FCA41-E87A-44C6-8291-2185BB14B9B1}.Debug|x64.Deploy.0 = Debug|x64
		{981FCA41-E87A-44C6-8291-2185BB14B9B1}.Debug|x86.ActiveCfg = Debug|x86
		{981FCA41-E87A-44C6-8291-2185BB14B9B1}.Debug|x86.Build.0 = Debug|x86
		{981FCA41-E87A-44C6-8291-2185BB14B9B1}.Debug|x86.Deploy.0 = Debug|x86
		{981FCA41-E87A-44C6-8291-2185BB14B9B1}.Release|Any CPU.ActiveCfg = Release|x86
		{981FCA41-E87A-44C6-8291-2185BB14B9B1}.Release|ARM.ActiveCfg = Release|ARM
		{981FCA41-E87A-44C6-8291-2185BB14B9B1}.Release|ARM.Build.0 = Release|ARM
		{981FCA41-E87A-44C6-8291-2185BB14B9B1}.Release|ARM.Deploy.0 = Release|ARM
		{981FCA41-E87A-44C6-8291-2185BB14B9B1}.Release|ARM64.ActiveCfg = Release|ARM64
		{981FCA41-E87A-44C6-8291-2185BB14B9B1}.Release|ARM64.Build.0 = Release|ARM64
		{981FCA41-E87A-44C6-8291-2185BB14B9B1}.Release|ARM64.Deploy.0 = Release|ARM64
		{981FCA41-E87A-44C6-8291-2185BB14B9B1}.Release|x64.ActiveCfg = Release|x64
		{981FCA41-E87A-44C6-8291-2185BB14B9B1}.Release|x64.Build.0 = Release|x64
		{981FCA41-E87A-44C6-8291-2185BB14B9B1}.Release|x64.Deploy.0 = Release|x64
		{981FCA41-E87A-44C6-8291-2185BB14B9B1}.Release|x86.ActiveCfg = Release|x86
		{981FCA41-E87A-44C6-8291-2185BB14B9B1}.Release|x86.Build.0 = Release|x86
		{981FCA41-E87A-44C6-8291-2185BB14B9B1}.Release|x86.Deploy.0 = Release|x86
		{7559EDBC-B239-4B2A-BC62-75B0704DB4F1}.Debug|Any CPU.ActiveCfg = Debug|Any CPU
		{7559EDBC-B239-4B2A-BC62-75B0704DB4F1}.Debug|Any CPU.Build.0 = Debug|Any CPU
		{7559EDBC-B239-4B2A-BC62-75B0704DB4F1}.Debug|ARM.ActiveCfg = Debug|Any CPU
		{7559EDBC-B239-4B2A-BC62-75B0704DB4F1}.Debug|ARM.Build.0 = Debug|Any CPU
		{7559EDBC-B239-4B2A-BC62-75B0704DB4F1}.Debug|ARM64.ActiveCfg = Debug|Any CPU
		{7559EDBC-B239-4B2A-BC62-75B0704DB4F1}.Debug|ARM64.Build.0 = Debug|Any CPU
		{7559EDBC-B239-4B2A-BC62-75B0704DB4F1}.Debug|x64.ActiveCfg = Debug|Any CPU
		{7559EDBC-B239-4B2A-BC62-75B0704DB4F1}.Debug|x64.Build.0 = Debug|Any CPU
		{7559EDBC-B239-4B2A-BC62-75B0704DB4F1}.Debug|x86.ActiveCfg = Debug|Any CPU
		{7559EDBC-B239-4B2A-BC62-75B0704DB4F1}.Debug|x86.Build.0 = Debug|Any CPU
		{7559EDBC-B239-4B2A-BC62-75B0704DB4F1}.Release|Any CPU.ActiveCfg = Release|Any CPU
		{7559EDBC-B239-4B2A-BC62-75B0704DB4F1}.Release|Any CPU.Build.0 = Release|Any CPU
		{7559EDBC-B239-4B2A-BC62-75B0704DB4F1}.Release|ARM.ActiveCfg = Release|Any CPU
		{7559EDBC-B239-4B2A-BC62-75B0704DB4F1}.Release|ARM.Build.0 = Release|Any CPU
		{7559EDBC-B239-4B2A-BC62-75B0704DB4F1}.Release|ARM64.ActiveCfg = Release|Any CPU
		{7559EDBC-B239-4B2A-BC62-75B0704DB4F1}.Release|ARM64.Build.0 = Release|Any CPU
		{7559EDBC-B239-4B2A-BC62-75B0704DB4F1}.Release|x64.ActiveCfg = Release|Any CPU
		{7559EDBC-B239-4B2A-BC62-75B0704DB4F1}.Release|x64.Build.0 = Release|Any CPU
		{7559EDBC-B239-4B2A-BC62-75B0704DB4F1}.Release|x86.ActiveCfg = Release|Any CPU
		{7559EDBC-B239-4B2A-BC62-75B0704DB4F1}.Release|x86.Build.0 = Release|Any CPU
	EndGlobalSection
	GlobalSection(SolutionProperties) = preSolution
		HideSolutionNode = FALSE
	EndGlobalSection
	GlobalSection(NestedProjects) = preSolution
		{38C794C1-C69D-45D3-8426-0A01BAA78BBE} = {6072FE25-02FD-45E7-8C08-E410754E02A7}
		{78892B64-C3BE-411C-A4F5-6E26DC920705} = {38C794C1-C69D-45D3-8426-0A01BAA78BBE}
		{816CD5E8-32EB-4EAF-87EE-975B3F8B30CC} = {9270C9F0-FB62-41DF-9350-828C8BD75540}
		{471DC922-D79F-4CA6-A455-7F415F127B96} = {9270C9F0-FB62-41DF-9350-828C8BD75540}
		{981FCA41-E87A-44C6-8291-2185BB14B9B1} = {38C794C1-C69D-45D3-8426-0A01BAA78BBE}
	EndGlobalSection
	GlobalSection(ExtensibilityGlobals) = postSolution
		SolutionGuid = {3E95F8B8-EEC9-40D1-A27C-737846A5D04F}
	EndGlobalSection
EndGlobal
