
Microsoft Visual Studio Solution File, Format Version 12.00
# Visual Studio Version 16
VisualStudioVersion = 16.0.30804.86
MinimumVisualStudioVersion = 10.0.40219.1
Project("{FAE04EC0-301F-11D3-BF4B-00C04F79EFBC}") = "ClusterLib", "Cluster\ClusterLib.csproj", "{BC37D661-EDD7-410F-90CE-51A323A35BA3}"
EndProject
Project("{FAE04EC0-301F-11D3-BF4B-00C04F79EFBC}") = "UnitTests", "UnitTests\UnitTests.csproj", "{EF1015FC-F56A-4E26-B898-D781EB7FAA88}"
EndProject
Global
	GlobalSection(SolutionConfigurationPlatforms) = preSolution
		Debug|Any CPU = Debug|Any CPU
		Release|Any CPU = Release|Any CPU
	EndGlobalSection
	GlobalSection(ProjectConfigurationPlatforms) = postSolution
		{BC37D661-EDD7-410F-90CE-51A323A35BA3}.Debug|Any CPU.ActiveCfg = Debug|Any CPU
		{BC37D661-EDD7-410F-90CE-51A323A35BA3}.Debug|Any CPU.Build.0 = Debug|Any CPU
		{BC37D661-EDD7-410F-90CE-51A323A35BA3}.Release|Any CPU.ActiveCfg = Release|Any CPU
		{BC37D661-EDD7-410F-90CE-51A323A35BA3}.Release|Any CPU.Build.0 = Release|Any CPU
		{EF1015FC-F56A-4E26-B898-D781EB7FAA88}.Debug|Any CPU.ActiveCfg = Debug|Any CPU
		{EF1015FC-F56A-4E26-B898-D781EB7FAA88}.Debug|Any CPU.Build.0 = Debug|Any CPU
		{EF1015FC-F56A-4E26-B898-D781EB7FAA88}.Release|Any CPU.ActiveCfg = Release|Any CPU
		{EF1015FC-F56A-4E26-B898-D781EB7FAA88}.Release|Any CPU.Build.0 = Release|Any CPU
	EndGlobalSection
	GlobalSection(SolutionProperties) = preSolution
		HideSolutionNode = FALSE
	EndGlobalSection
	GlobalSection(ExtensibilityGlobals) = postSolution
		SolutionGuid = {3E95F8B8-EEC9-40D1-A27C-737846A5D04F}
	EndGlobalSection
EndGlobal
